
Microsoft Visual Studio Solution File, Format Version 12.00
# Visual Studio Version 16
VisualStudioVersion = 16.0.31229.75
MinimumVisualStudioVersion = 10.0.40219.1
Project("{FAE04EC0-301F-11D3-BF4B-00C04F79EFBC}") = "DesignPattern", "DesignPattern\DesignPattern.csproj", "{A0F23C11-B850-4C07-B810-6239ADEFE9D1}"
EndProject
Global
	GlobalSection(SolutionConfigurationPlatforms) = preSolution
		Debug|Any CPU = Debug|Any CPU
		Release|Any CPU = Release|Any CPU
	EndGlobalSection
	GlobalSection(ProjectConfigurationPlatforms) = postSolution
		{A0F23C11-B850-4C07-B810-6239ADEFE9D1}.Debug|Any CPU.ActiveCfg = Debug|Any CPU
		{A0F23C11-B850-4C07-B810-6239ADEFE9D1}.Debug|Any CPU.Build.0 = Debug|Any CPU
		{A0F23C11-B850-4C07-B810-6239ADEFE9D1}.Release|Any CPU.ActiveCfg = Release|Any CPU
		{A0F23C11-B850-4C07-B810-6239ADEFE9D1}.Release|Any CPU.Build.0 = Release|Any CPU
	EndGlobalSection
	GlobalSection(SolutionProperties) = preSolution
		HideSolutionNode = FALSE
	EndGlobalSection
	GlobalSection(ExtensibilityGlobals) = postSolution
		SolutionGuid = {A7289EF6-7E23-4711-B888-A34F5FA97838}
	EndGlobalSection
EndGlobal
